
Microsoft Visual Studio Solution File, Format Version 12.00
# Visual Studio Version 17
VisualStudioVersion = 17.8.34525.116
MinimumVisualStudioVersion = 10.0.40219.1
Project("{FAE04EC0-301F-11D3-BF4B-00C04F79EFBC}") = "SQLiteSample.Android", "SQLiteSample.Android\SQLiteSample.Android.csproj", "{E3911FE2-0130-4589-9B78-60A320C9BEA6}"
EndProject
Project("{FAE04EC0-301F-11D3-BF4B-00C04F79EFBC}") = "SQLiteSample.iOS", "SQLiteSample.iOS\SQLiteSample.iOS.csproj", "{8DFDE2CA-E0F5-4D35-8BB2-023963AE43AD}"
EndProject
Project("{FAE04EC0-301F-11D3-BF4B-00C04F79EFBC}") = "SQLiteSample", "SQLiteSample\SQLiteSample.csproj", "{03300906-7B3B-477B-A076-3EB807BD6A94}"
EndProject
Global
	GlobalSection(SolutionConfigurationPlatforms) = preSolution
		Debug|Any CPU = Debug|Any CPU
		Debug|iPhone = Debug|iPhone
		Debug|iPhoneSimulator = Debug|iPhoneSimulator
		Release|Any CPU = Release|Any CPU
		Release|iPhone = Release|iPhone
		Release|iPhoneSimulator = Release|iPhoneSimulator
	EndGlobalSection
	GlobalSection(ProjectConfigurationPlatforms) = postSolution
		{E3911FE2-0130-4589-9B78-60A320C9BEA6}.Debug|Any CPU.ActiveCfg = Debug|Any CPU
		{E3911FE2-0130-4589-9B78-60A320C9BEA6}.Debug|Any CPU.Build.0 = Debug|Any CPU
		{E3911FE2-0130-4589-9B78-60A320C9BEA6}.Debug|Any CPU.Deploy.0 = Debug|Any CPU
		{E3911FE2-0130-4589-9B78-60A320C9BEA6}.Debug|iPhone.ActiveCfg = Debug|Any CPU
		{E3911FE2-0130-4589-9B78-60A320C9BEA6}.Debug|iPhone.Build.0 = Debug|Any CPU
		{E3911FE2-0130-4589-9B78-60A320C9BEA6}.Debug|iPhone.Deploy.0 = Debug|Any CPU
		{E3911FE2-0130-4589-9B78-60A320C9BEA6}.Debug|iPhoneSimulator.ActiveCfg = Debug|Any CPU
		{E3911FE2-0130-4589-9B78-60A320C9BEA6}.Debug|iPhoneSimulator.Build.0 = Debug|Any CPU
		{E3911FE2-0130-4589-9B78-60A320C9BEA6}.Debug|iPhoneSimulator.Deploy.0 = Debug|Any CPU
		{E3911FE2-0130-4589-9B78-60A320C9BEA6}.Release|Any CPU.ActiveCfg = Release|Any CPU
		{E3911FE2-0130-4589-9B78-60A320C9BEA6}.Release|Any CPU.Build.0 = Release|Any CPU
		{E3911FE2-0130-4589-9B78-60A320C9BEA6}.Release|Any CPU.Deploy.0 = Release|Any CPU
		{E3911FE2-0130-4589-9B78-60A320C9BEA6}.Release|iPhone.ActiveCfg = Release|Any CPU
		{E3911FE2-0130-4589-9B78-60A320C9BEA6}.Release|iPhone.Build.0 = Release|Any CPU
		{E3911FE2-0130-4589-9B78-60A320C9BEA6}.Release|iPhone.Deploy.0 = Release|Any CPU
		{E3911FE2-0130-4589-9B78-60A320C9BEA6}.Release|iPhoneSimulator.ActiveCfg = Release|Any CPU
		{E3911FE2-0130-4589-9B78-60A320C9BEA6}.Release|iPhoneSimulator.Build.0 = Release|Any CPU
		{E3911FE2-0130-4589-9B78-60A320C9BEA6}.Release|iPhoneSimulator.Deploy.0 = Release|Any CPU
		{8DFDE2CA-E0F5-4D35-8BB2-023963AE43AD}.Debug|Any CPU.ActiveCfg = Debug|iPhone
		{8DFDE2CA-E0F5-4D35-8BB2-023963AE43AD}.Debug|Any CPU.Build.0 = Debug|iPhone
		{8DFDE2CA-E0F5-4D35-8BB2-023963AE43AD}.Debug|Any CPU.Deploy.0 = Debug|iPhone
		{8DFDE2CA-E0F5-4D35-8BB2-023963AE43AD}.Debug|iPhone.ActiveCfg = Debug|iPhone
		{8DFDE2CA-E0F5-4D35-8BB2-023963AE43AD}.Debug|iPhone.Build.0 = Debug|iPhone
		{8DFDE2CA-E0F5-4D35-8BB2-023963AE43AD}.Debug|iPhone.Deploy.0 = Debug|iPhone
		{8DFDE2CA-E0F5-4D35-8BB2-023963AE43AD}.Debug|iPhoneSimulator.ActiveCfg = Debug|iPhoneSimulator
		{8DFDE2CA-E0F5-4D35-8BB2-023963AE43AD}.Debug|iPhoneSimulator.Build.0 = Debug|iPhoneSimulator
		{8DFDE2CA-E0F5-4D35-8BB2-023963AE43AD}.Debug|iPhoneSimulator.Deploy.0 = Debug|iPhoneSimulator
		{8DFDE2CA-E0F5-4D35-8BB2-023963AE43AD}.Release|Any CPU.ActiveCfg = Release|iPhoneSimulator
		{8DFDE2CA-E0F5-4D35-8BB2-023963AE43AD}.Release|Any CPU.Build.0 = Release|iPhoneSimulator
		{8DFDE2CA-E0F5-4D35-8BB2-023963AE43AD}.Release|Any CPU.Deploy.0 = Release|iPhoneSimulator
		{8DFDE2CA-E0F5-4D35-8BB2-023963AE43AD}.Release|iPhone.ActiveCfg = Release|iPhone
		{8DFDE2CA-E0F5-4D35-8BB2-023963AE43AD}.Release|iPhone.Build.0 = Release|iPhone
		{8DFDE2CA-E0F5-4D35-8BB2-023963AE43AD}.Release|iPhone.Deploy.0 = Release|iPhone
		{8DFDE2CA-E0F5-4D35-8BB2-023963AE43AD}.Release|iPhoneSimulator.ActiveCfg = Release|iPhoneSimulator
		{8DFDE2CA-E0F5-4D35-8BB2-023963AE43AD}.Release|iPhoneSimulator.Build.0 = Release|iPhoneSimulator
		{8DFDE2CA-E0F5-4D35-8BB2-023963AE43AD}.Release|iPhoneSimulator.Deploy.0 = Release|iPhoneSimulator
		{03300906-7B3B-477B-A076-3EB807BD6A94}.Debug|Any CPU.ActiveCfg = Debug|Any CPU
		{03300906-7B3B-477B-A076-3EB807BD6A94}.Debug|Any CPU.Build.0 = Debug|Any CPU
		{03300906-7B3B-477B-A076-3EB807BD6A94}.Debug|Any CPU.Deploy.0 = Debug|Any CPU
		{03300906-7B3B-477B-A076-3EB807BD6A94}.Debug|iPhone.ActiveCfg = Debug|Any CPU
		{03300906-7B3B-477B-A076-3EB807BD6A94}.Debug|iPhone.Build.0 = Debug|Any CPU
		{03300906-7B3B-477B-A076-3EB807BD6A94}.Debug|iPhone.Deploy.0 = Debug|Any CPU
		{03300906-7B3B-477B-A076-3EB807BD6A94}.Debug|iPhoneSimulator.ActiveCfg = Debug|Any CPU
		{03300906-7B3B-477B-A076-3EB807BD6A94}.Debug|iPhoneSimulator.Build.0 = Debug|Any CPU
		{03300906-7B3B-477B-A076-3EB807BD6A94}.Debug|iPhoneSimulator.Deploy.0 = Debug|Any CPU
		{03300906-7B3B-477B-A076-3EB807BD6A94}.Release|Any CPU.ActiveCfg = Release|Any CPU
		{03300906-7B3B-477B-A076-3EB807BD6A94}.Release|Any CPU.Build.0 = Release|Any CPU
		{03300906-7B3B-477B-A076-3EB807BD6A94}.Release|Any CPU.Deploy.0 = Release|Any CPU
		{03300906-7B3B-477B-A076-3EB807BD6A94}.Release|iPhone.ActiveCfg = Release|Any CPU
		{03300906-7B3B-477B-A076-3EB807BD6A94}.Release|iPhone.Build.0 = Release|Any CPU
		{03300906-7B3B-477B-A076-3EB807BD6A94}.Release|iPhone.Deploy.0 = Release|Any CPU
		{03300906-7B3B-477B-A076-3EB807BD6A94}.Release|iPhoneSimulator.ActiveCfg = Release|Any CPU
		{03300906-7B3B-477B-A076-3EB807BD6A94}.Release|iPhoneSimulator.Build.0 = Release|Any CPU
		{03300906-7B3B-477B-A076-3EB807BD6A94}.Release|iPhoneSimulator.Deploy.0 = Release|Any CPU
	EndGlobalSection
	GlobalSection(SolutionProperties) = preSolution
		HideSolutionNode = FALSE
	EndGlobalSection
	GlobalSection(ExtensibilityGlobals) = postSolution
		SolutionGuid = {3C8FC589-997A-4A70-A29F-170E228A87AE}
	EndGlobalSection
EndGlobal
